// !$*UTF8*$!
{
	archiveVersion = 1;
	classes = {
	};
	objectVersion = 50;
	objects = {

/* Begin PBXBuildFile section */
		9EE94F2C20DE22FC0055F115 /* AppDelegate.swift in Sources */ = {isa = PBXBuildFile; fileRef = 9EE94F2B20DE22FC0055F115 /* AppDelegate.swift */; };
		9EE94F2E20DE22FC0055F115 /* ViewController.swift in Sources */ = {isa = PBXBuildFile; fileRef = 9EE94F2D20DE22FC0055F115 /* ViewController.swift */; };
		9EE94F3120DE22FC0055F115 /* Main.storyboard in Resources */ = {isa = PBXBuildFile; fileRef = 9EE94F2F20DE22FC0055F115 /* Main.storyboard */; };
		9EE94F3320DE22FE0055F115 /* Assets.xcassets in Resources */ = {isa = PBXBuildFile; fileRef = 9EE94F3220DE22FE0055F115 /* Assets.xcassets */; };
		9EE94F3620DE22FE0055F115 /* LaunchScreen.storyboard in Resources */ = {isa = PBXBuildFile; fileRef = 9EE94F3420DE22FE0055F115 /* LaunchScreen.storyboard */; };
		DF3A9789A04B32D61E0F4758 /* Pods_SkyWayTest.framework in Frameworks */ = {isa = PBXBuildFile; fileRef = 6D3CD8DF74285CEFE8A1644F /* Pods_SkyWayTest.framework */; };
/* End PBXBuildFile section */

/* Begin PBXFileReference section */
		3BD3DBE9FD2FAE40C0FC971C /* Pods-SkyWayTest.debug.xcconfig */ = {isa = PBXFileReference; includeInIndex = 1; lastKnownFileType = text.xcconfig; name = "Pods-SkyWayTest.debug.xcconfig"; path = "Pods/Target Support Files/Pods-SkyWayTest/Pods-SkyWayTest.debug.xcconfig"; sourceTree = "<group>"; };
		6D3CD8DF74285CEFE8A1644F /* Pods_SkyWayTest.framework */ = {isa = PBXFileReference; explicitFileType = wrapper.framework; includeInIndex = 0; path = Pods_SkyWayTest.framework; sourceTree = BUILT_PRODUCTS_DIR; };
		9EE94F2820DE22FC0055F115 /* SkyWayTest.app */ = {isa = PBXFileReference; explicitFileType = wrapper.application; includeInIndex = 0; path = SkyWayTest.app; sourceTree = BUILT_PRODUCTS_DIR; };
		9EE94F2B20DE22FC0055F115 /* AppDelegate.swift */ = {isa = PBXFileReference; lastKnownFileType = sourcecode.swift; path = AppDelegate.swift; sourceTree = "<group>"; };
		9EE94F2D20DE22FC0055F115 /* ViewController.swift */ = {isa = PBXFileReference; lastKnownFileType = sourcecode.swift; path = ViewController.swift; sourceTree = "<group>"; };
		9EE94F3020DE22FC0055F115 /* Base */ = {isa = PBXFileReference; lastKnownFileType = file.storyboard; name = Base; path = Base.lproj/Main.storyboard; sourceTree = "<group>"; };
		9EE94F3220DE22FE0055F115 /* Assets.xcassets */ = {isa = PBXFileReference; lastKnownFileType = folder.assetcatalog; path = Assets.xcassets; sourceTree = "<group>"; };
		9EE94F3520DE22FE0055F115 /* Base */ = {isa = PBXFileReference; lastKnownFileType = file.storyboard; name = Base; path = Base.lproj/LaunchScreen.storyboard; sourceTree = "<group>"; };
		9EE94F3720DE22FE0055F115 /* Info.plist */ = {isa = PBXFileReference; lastKnownFileType = text.plist.xml; path = Info.plist; sourceTree = "<group>"; };
		E5751655D636203548031C94 /* Pods-SkyWayTest.release.xcconfig */ = {isa = PBXFileReference; includeInIndex = 1; lastKnownFileType = text.xcconfig; name = "Pods-SkyWayTest.release.xcconfig"; path = "Pods/Target Support Files/Pods-SkyWayTest/Pods-SkyWayTest.release.xcconfig"; sourceTree = "<group>"; };
/* End PBXFileReference section */

/* Begin PBXFrameworksBuildPhase section */
		9EE94F2520DE22FC0055F115 /* Frameworks */ = {
			isa = PBXFrameworksBuildPhase;
			buildActionMask = 2147483647;
			files = (
				DF3A9789A04B32D61E0F4758 /* Pods_SkyWayTest.framework in Frameworks */,
			);
			runOnlyForDeploymentPostprocessing = 0;
		};
/* End PBXFrameworksBuildPhase section */

/* Begin PBXGroup section */
		2CF01A17DC6A0D1FEBF66CFC /* Pods */ = {
			isa = PBXGroup;
			children = (
				3BD3DBE9FD2FAE40C0FC971C /* Pods-SkyWayTest.debug.xcconfig */,
				E5751655D636203548031C94 /* Pods-SkyWayTest.release.xcconfig */,
			);
			name = Pods;
			sourceTree = "<group>";
		};
		4EA346BE564C69A37ADA35B5 /* Frameworks */ = {
			isa = PBXGroup;
			children = (
				6D3CD8DF74285CEFE8A1644F /* Pods_SkyWayTest.framework */,
			);
			name = Frameworks;
			sourceTree = "<group>";
		};
		9EE94F1F20DE22FC0055F115 = {
			isa = PBXGroup;
			children = (
				9EE94F2A20DE22FC0055F115 /* SkyWayTest */,
				9EE94F2920DE22FC0055F115 /* Products */,
				2CF01A17DC6A0D1FEBF66CFC /* Pods */,
				4EA346BE564C69A37ADA35B5 /* Frameworks */,
			);
			sourceTree = "<group>";
		};
		9EE94F2920DE22FC0055F115 /* Products */ = {
			isa = PBXGroup;
			children = (
				9EE94F2820DE22FC0055F115 /* SkyWayTest.app */,
			);
			name = Products;
			sourceTree = "<group>";
		};
		9EE94F2A20DE22FC0055F115 /* SkyWayTest */ = {
			isa = PBXGroup;
			children = (
				9EE94F2B20DE22FC0055F115 /* AppDelegate.swift */,
				9EE94F2D20DE22FC0055F115 /* ViewController.swift */,
				9EE94F2F20DE22FC0055F115 /* Main.storyboard */,
				9EE94F3220DE22FE0055F115 /* Assets.xcassets */,
				9EE94F3420DE22FE0055F115 /* LaunchScreen.storyboard */,
				9EE94F3720DE22FE0055F115 /* Info.plist */,
			);
			path = SkyWayTest;
			sourceTree = "<group>";
		};
/* End PBXGroup section */

/* Begin PBXNativeTarget section */
		9EE94F2720DE22FC0055F115 /* SkyWayTest */ = {
			isa = PBXNativeTarget;
			buildConfigurationList = 9EE94F3A20DE22FE0055F115 /* Build configuration list for PBXNativeTarget "SkyWayTest" */;
			buildPhases = (
				8CA9C45826FE4B422644A8FF /* [CP] Check Pods Manifest.lock */,
				9EE94F2420DE22FC0055F115 /* Sources */,
				9EE94F2520DE22FC0055F115 /* Frameworks */,
				9EE94F2620DE22FC0055F115 /* Resources */,
				D05B58034494F48D8EA10864 /* [CP] Embed Pods Frameworks */,
			);
			buildRules = (
			);
			dependencies = (
			);
			name = SkyWayTest;
			productName = SkyWayTest;
			productReference = 9EE94F2820DE22FC0055F115 /* SkyWayTest.app */;
			productType = "com.apple.product-type.application";
		};
/* End PBXNativeTarget section */

/* Begin PBXProject section */
		9EE94F2020DE22FC0055F115 /* Project object */ = {
			isa = PBXProject;
			attributes = {
				LastSwiftUpdateCheck = 0940;
				LastUpgradeCheck = 0940;
				ORGANIZATIONNAME = D128;
				TargetAttributes = {
					9EE94F2720DE22FC0055F115 = {
						CreatedOnToolsVersion = 9.4.1;
					};
				};
			};
			buildConfigurationList = 9EE94F2320DE22FC0055F115 /* Build configuration list for PBXProject "SkyWayTest" */;
			compatibilityVersion = "Xcode 9.3";
			developmentRegion = en;
			hasScannedForEncodings = 0;
			knownRegions = (
				en,
				Base,
			);
			mainGroup = 9EE94F1F20DE22FC0055F115;
			productRefGroup = 9EE94F2920DE22FC0055F115 /* Products */;
			projectDirPath = "";
			projectRoot = "";
			targets = (
				9EE94F2720DE22FC0055F115 /* SkyWayTest */,
			);
		};
/* End PBXProject section */

/* Begin PBXResourcesBuildPhase section */
		9EE94F2620DE22FC0055F115 /* Resources */ = {
			isa = PBXResourcesBuildPhase;
			buildActionMask = 2147483647;
			files = (
				9EE94F3620DE22FE0055F115 /* LaunchScreen.storyboard in Resources */,
				9EE94F3320DE22FE0055F115 /* Assets.xcassets in Resources */,
				9EE94F3120DE22FC0055F115 /* Main.storyboard in Resources */,
			);
			runOnlyForDeploymentPostprocessing = 0;
		};
/* End PBXResourcesBuildPhase section */

/* Begin PBXShellScriptBuildPhase section */
		8CA9C45826FE4B422644A8FF /* [CP] Check Pods Manifest.lock */ = {
			isa = PBXShellScriptBuildPhase;
			buildActionMask = 2147483647;
			files = (
			);
			inputPaths = (
				"${PODS_PODFILE_DIR_PATH}/Podfile.lock",
				"${PODS_ROOT}/Manifest.lock",
			);
			name = "[CP] Check Pods Manifest.lock";
			outputPaths = (
				"$(DERIVED_FILE_DIR)/Pods-SkyWayTest-checkManifestLockResult.txt",
			);
			runOnlyForDeploymentPostprocessing = 0;
			shellPath = /bin/sh;
			shellScript = "diff \"${PODS_PODFILE_DIR_PATH}/Podfile.lock\" \"${PODS_ROOT}/Manifest.lock\" > /dev/null\nif [ $? != 0 ] ; then\n    # print error to STDERR\n    echo \"error: The sandbox is not in sync with the Podfile.lock. Run 'pod install' or update your CocoaPods installation.\" >&2\n    exit 1\nfi\n# This output is used by Xcode 'outputs' to avoid re-running this script phase.\necho \"SUCCESS\" > \"${SCRIPT_OUTPUT_FILE_0}\"\n";
			showEnvVarsInLog = 0;
		};
		D05B58034494F48D8EA10864 /* [CP] Embed Pods Frameworks */ = {
			isa = PBXShellScriptBuildPhase;
			buildActionMask = 2147483647;
			files = (
			);
			inputPaths = (
				"${SRCROOT}/Pods/Target Support Files/Pods-SkyWayTest/Pods-SkyWayTest-frameworks.sh",
				"${PODS_ROOT}/SkyWay/SkyWay.framework",
			);
			name = "[CP] Embed Pods Frameworks";
			outputPaths = (
				"${TARGET_BUILD_DIR}/${FRAMEWORKS_FOLDER_PATH}/SkyWay.framework",
			);
			runOnlyForDeploymentPostprocessing = 0;
			shellPath = /bin/sh;
			shellScript = "\"${SRCROOT}/Pods/Target Support Files/Pods-SkyWayTest/Pods-SkyWayTest-frameworks.sh\"\n";
			showEnvVarsInLog = 0;
		};
/* End PBXShellScriptBuildPhase section */

/* Begin PBXSourcesBuildPhase section */
		9EE94F2420DE22FC0055F115 /* Sources */ = {
			isa = PBXSourcesBuildPhase;
			buildActionMask = 2147483647;
			files = (
				9EE94F2E20DE22FC0055F115 /* ViewController.swift in Sources */,
				9EE94F2C20DE22FC0055F115 /* AppDelegate.swift in Sources */,
			);
			runOnlyForDeploymentPostprocessing = 0;
		};
/* End PBXSourcesBuildPhase section */

/* Begin PBXVariantGroup section */
		9EE94F2F20DE22FC0055F115 /* Main.storyboard */ = {
			isa = PBXVariantGroup;
			children = (
				9EE94F3020DE22FC0055F115 /* Base */,
			);
			name = Main.storyboard;
			sourceTree = "<group>";
		};
		9EE94F3420DE22FE0055F115 /* LaunchScreen.storyboard */ = {
			isa = PBXVariantGroup;
			children = (
				9EE94F3520DE22FE0055F115 /* Base */,
			);
			name = LaunchScreen.storyboard;
			sourceTree = "<group>";
		};
/* End PBXVariantGroup section */

/* Begin XCBuildConfiguration section */
		9EE94F3820DE22FE0055F115 /* Debug */ = {
			isa = XCBuildConfiguration;
			buildSettings = {
				ALWAYS_SEARCH_USER_PATHS = NO;
				CLANG_ANALYZER_NONNULL = YES;
				CLANG_ANALYZER_NUMBER_OBJECT_CONVERSION = YES_AGGRESSIVE;
				CLANG_CXX_LANGUAGE_STANDARD = "gnu++14";
				CLANG_CXX_LIBRARY = "libc++";
				CLANG_ENABLE_MODULES = YES;
				CLANG_ENABLE_OBJC_ARC = YES;
				CLANG_ENABLE_OBJC_WEAK = YES;
				CLANG_WARN_BLOCK_CAPTURE_AUTORELEASING = YES;
				CLANG_WARN_BOOL_CONVERSION = YES;
				CLANG_WARN_COMMA = YES;
				CLANG_WARN_CONSTANT_CONVERSION = YES;
				CLANG_WARN_DEPRECATED_OBJC_IMPLEMENTATIONS = YES;
				CLANG_WARN_DIRECT_OBJC_ISA_USAGE = YES_ERROR;
				CLANG_WARN_DOCUMENTATION_COMMENTS = YES;
				CLANG_WARN_EMPTY_BODY = YES;
				CLANG_WARN_ENUM_CONVERSION = YES;
				CLANG_WARN_INFINITE_RECURSION = YES;
				CLANG_WARN_INT_CONVERSION = YES;
				CLANG_WARN_NON_LITERAL_NULL_CONVERSION = YES;
				CLANG_WARN_OBJC_IMPLICIT_RETAIN_SELF = YES;
				CLANG_WARN_OBJC_LITERAL_CONVERSION = YES;
				CLANG_WARN_OBJC_ROOT_CLASS = YES_ERROR;
				CLANG_WARN_RANGE_LOOP_ANALYSIS = YES;
				CLANG_WARN_STRICT_PROTOTYPES = YES;
				CLANG_WARN_SUSPICIOUS_MOVE = YES;
				CLANG_WARN_UNGUARDED_AVAILABILITY = YES_AGGRESSIVE;
				CLANG_WARN_UNREACHABLE_CODE = YES;
				CLANG_WARN__DUPLICATE_METHOD_MATCH = YES;
				CODE_SIGN_IDENTITY = "iPhone Developer";
				COPY_PHASE_STRIP = NO;
				DEBUG_INFORMATION_FORMAT = dwarf;
				ENABLE_STRICT_OBJC_MSGSEND = YES;
				ENABLE_TESTABILITY = YES;
				GCC_C_LANGUAGE_STANDARD = gnu11;
				GCC_DYNAMIC_NO_PIC = NO;
				GCC_NO_COMMON_BLOCKS = YES;
				GCC_OPTIMIZATION_LEVEL = 0;
				GCC_PREPROCESSOR_DEFINITIONS = (
					"DEBUG=1",
					"$(inherited)",
				);
				GCC_WARN_64_TO_32_BIT_CONVERSION = YES;
				GCC_WARN_ABOUT_RETURN_TYPE = YES_ERROR;
				GCC_WARN_UNDECLARED_SELECTOR = YES;
				GCC_WARN_UNINITIALIZED_AUTOS = YES_AGGRESSIVE;
				GCC_WARN_UNUSED_FUNCTION = YES;
				GCC_WARN_UNUSED_VARIABLE = YES;
				IPHONEOS_DEPLOYMENT_TARGET = 11.4;
				MTL_ENABLE_DEBUG_INFO = YES;
				ONLY_ACTIVE_ARCH = YES;
				SDKROOT = iphoneos;
				SWIFT_ACTIVE_COMPILATION_CONDITIONS = DEBUG;
				SWIFT_OPTIMIZATION_LEVEL = "-Onone";
			};
			name = Debug;
		};
		9EE94F3920DE22FE0055F115 /* Release */ = {
			isa = XCBuildConfiguration;
			buildSettings = {
				ALWAYS_SEARCH_USER_PATHS = NO;
				CLANG_ANALYZER_NONNULL = YES;
				CLANG_ANALYZER_NUMBER_OBJECT_CONVERSION = YES_AGGRESSIVE;
				CLANG_CXX_LANGUAGE_STANDARD = "gnu++14";
				CLANG_CXX_LIBRARY = "libc++";
				CLANG_ENABLE_MODULES = YES;
				CLANG_ENABLE_OBJC_ARC = YES;
				CLANG_ENABLE_OBJC_WEAK = YES;
				CLANG_WARN_BLOCK_CAPTURE_AUTORELEASING = YES;
				CLANG_WARN_BOOL_CONVERSION = YES;
				CLANG_WARN_COMMA = YES;
				CLANG_WARN_CONSTANT_CONVERSION = YES;
				CLANG_WARN_DEPRECATED_OBJC_IMPLEMENTATIONS = YES;
				CLANG_WARN_DIRECT_OBJC_ISA_USAGE = YES_ERROR;
				CLANG_WARN_DOCUMENTATION_COMMENTS = YES;
				CLANG_WARN_EMPTY_BODY = YES;
				CLANG_WARN_ENUM_CONVERSION = YES;
				CLANG_WARN_INFINITE_RECURSION = YES;
				CLANG_WARN_INT_CONVERSION = YES;
				CLANG_WARN_NON_LITERAL_NULL_CONVERSION = YES;
				CLANG_WARN_OBJC_IMPLICIT_RETAIN_SELF = YES;
				CLANG_WARN_OBJC_LITERAL_CONVERSION = YES;
				CLANG_WARN_OBJC_ROOT_CLASS = YES_ERROR;
				CLANG_WARN_RANGE_LOOP_ANALYSIS = YES;
				CLANG_WARN_STRICT_PROTOTYPES = YES;
				CLANG_WARN_SUSPICIOUS_MOVE = YES;
				CLANG_WARN_UNGUARDED_AVAILABILITY = YES_AGGRESSIVE;
				CLANG_WARN_UNREACHABLE_CODE = YES;
				CLANG_WARN__DUPLICATE_METHOD_MATCH = YES;
				CODE_SIGN_IDENTITY = "iPhone Developer";
				COPY_PHASE_STRIP = NO;
				DEBUG_INFORMATION_FORMAT = "dwarf-with-dsym";
				ENABLE_NS_ASSERTIONS = NO;
				ENABLE_STRICT_OBJC_MSGSEND = YES;
				GCC_C_LANGUAGE_STANDARD = gnu11;
				GCC_NO_COMMON_BLOCKS = YES;
				GCC_WARN_64_TO_32_BIT_CONVERSION = YES;
				GCC_WARN_ABOUT_RETURN_TYPE = YES_ERROR;
				GCC_WARN_UNDECLARED_SELECTOR = YES;
				GCC_WARN_UNINITIALIZED_AUTOS = YES_AGGRESSIVE;
				GCC_WARN_UNUSED_FUNCTION = YES;
				GCC_WARN_UNUSED_VARIABLE = YES;
				IPHONEOS_DEPLOYMENT_TARGET = 11.4;
				MTL_ENABLE_DEBUG_INFO = NO;
				SDKROOT = iphoneos;
				SWIFT_COMPILATION_MODE = wholemodule;
				SWIFT_OPTIMIZATION_LEVEL = "-O";
				VALIDATE_PRODUCT = YES;
			};
			name = Release;
		};
		9EE94F3B20DE22FE0055F115 /* Debug */ = {
			isa = XCBuildConfiguration;
			baseConfigurationReference = 3BD3DBE9FD2FAE40C0FC971C /* Pods-SkyWayTest.debug.xcconfig */;
			buildSettings = {
				ASSETCATALOG_COMPILER_APPICON_NAME = AppIcon;
				CODE_SIGN_STYLE = Manual;
				DEVELOPMENT_TEAM = S7FH88HGV3;
				INFOPLIST_FILE = SkyWayTest/Info.plist;
				IPHONEOS_DEPLOYMENT_TARGET = 11.0;
				LD_RUNPATH_SEARCH_PATHS = (
					"$(inherited)",
					"@executable_path/Frameworks",
				);
				PRODUCT_BUNDLE_IDENTIFIER = work.d128.SkyWayTest;
				PRODUCT_NAME = "$(TARGET_NAME)";
				PROVISIONING_PROFILE = "bfb8ee88-510f-44b2-ae45-dbf6ac4e1f17";
				PROVISIONING_PROFILE_SPECIFIER = common_dev;
				SWIFT_VERSION = 4.0;
				TARGETED_DEVICE_FAMILY = 1;
			};
			name = Debug;
		};
		9EE94F3C20DE22FE0055F115 /* Release */ = {
			isa = XCBuildConfiguration;
			baseConfigurationReference = E5751655D636203548031C94 /* Pods-SkyWayTest.release.xcconfig */;
			buildSettings = {
				ASSETCATALOG_COMPILER_APPICON_NAME = AppIcon;
				CODE_SIGN_STYLE = Manual;
				DEVELOPMENT_TEAM = "";
				INFOPLIST_FILE = SkyWayTest/Info.plist;
				IPHONEOS_DEPLOYMENT_TARGET = 11.0;
				LD_RUNPATH_SEARCH_PATHS = (
					"$(inherited)",
					"@executable_path/Frameworks",
				);
				PRODUCT_BUNDLE_IDENTIFIER = work.d128.SkyWayTest;
				PRODUCT_NAME = "$(TARGET_NAME)";
				PROVISIONING_PROFILE_SPECIFIER = "";
				SWIFT_VERSION = 4.0;
				TARGETED_DEVICE_FAMILY = 1;
			};
			name = Release;
		};
/* End XCBuildConfiguration section */

/* Begin XCConfigurationList section */
		9EE94F2320DE22FC0055F115 /* Build configuration list for PBXProject "SkyWayTest" */ = {
			isa = XCConfigurationList;
			buildConfigurations = (
				9EE94F3820DE22FE0055F115 /* Debug */,
				9EE94F3920DE22FE0055F115 /* Release */,
			);
			defaultConfigurationIsVisible = 0;
			defaultConfigurationName = Release;
		};
		9EE94F3A20DE22FE0055F115 /* Build configuration list for PBXNativeTarget "SkyWayTest" */ = {
			isa = XCConfigurationList;
			buildConfigurations = (
				9EE94F3B20DE22FE0055F115 /* Debug */,
				9EE94F3C20DE22FE0055F115 /* Release */,
			);
			defaultConfigurationIsVisible = 0;
			defaultConfigurationName = Release;
		};
/* End XCConfigurationList section */
	};
	rootObject = 9EE94F2020DE22FC0055F115 /* Project object */;
}
